
Microsoft Visual Studio Solution File, Format Version 12.00
# Visual Studio 14
VisualStudioVersion = 14.0.25123.0
MinimumVisualStudioVersion = 10.0.40219.1
Project("{8BC9CEB8-8B4A-11D0-8D11-00A0C91BC942}") = "MyMathLib", "MyMathLib\MyMathLib.vcxproj", "{0B646397-7616-4654-AA10-0A3719B417AB}"
EndProject
Project("{8BC9CEB8-8B4A-11D0-8D11-00A0C91BC942}") = "TestLib", "TestLib\TestLib.vcxproj", "{49D15295-6B8E-42D3-B015-9371D994A57A}"
EndProject
Project("{8BC9CEB8-8B4A-11D0-8D11-00A0C91BC942}") = "04_24_2017 BitMultiplicationTesting", "04_24_2017 BitMultiplicationTesting\04_24_2017 BitMultiplicationTesting.vcxproj", "{07CE4E02-75AE-41C6-BC5B-1299BFCC15CE}"
EndProject
Project("{8BC9CEB8-8B4A-11D0-8D11-00A0C91BC942}") = "DLLTest", "DLLTest\DLLTest.vcxproj", "{6524A145-3DCB-499C-940F-7B6246E1D198}"
EndProject
Project("{8BC9CEB8-8B4A-11D0-8D11-00A0C91BC942}") = "TestingGrounds", "TestingGrounds\TestingGrounds.vcxproj", "{CCC8C29A-1E4D-4BD4-BF0C-2117FB1E699E}"
EndProject
Global
	GlobalSection(SolutionConfigurationPlatforms) = preSolution
		Debug|x64 = Debug|x64
		Debug|x86 = Debug|x86
		DLL|x64 = DLL|x64
		DLL|x86 = DLL|x86
		LIB|x64 = LIB|x64
		LIB|x86 = LIB|x86
		Release|x64 = Release|x64
		Release|x86 = Release|x86
	EndGlobalSection
	GlobalSection(ProjectConfigurationPlatforms) = postSolution
		{0B646397-7616-4654-AA10-0A3719B417AB}.Debug|x64.ActiveCfg = Debug|x64
		{0B646397-7616-4654-AA10-0A3719B417AB}.Debug|x64.Build.0 = Debug|x64
		{0B646397-7616-4654-AA10-0A3719B417AB}.Debug|x86.ActiveCfg = Debug|Win32
		{0B646397-7616-4654-AA10-0A3719B417AB}.DLL|x64.ActiveCfg = DLL|x64
		{0B646397-7616-4654-AA10-0A3719B417AB}.DLL|x64.Build.0 = DLL|x64
		{0B646397-7616-4654-AA10-0A3719B417AB}.DLL|x86.ActiveCfg = DLL|Win32
		{0B646397-7616-4654-AA10-0A3719B417AB}.DLL|x86.Build.0 = DLL|Win32
		{0B646397-7616-4654-AA10-0A3719B417AB}.LIB|x64.ActiveCfg = LIB|x64
		{0B646397-7616-4654-AA10-0A3719B417AB}.LIB|x64.Build.0 = LIB|x64
		{0B646397-7616-4654-AA10-0A3719B417AB}.LIB|x86.ActiveCfg = LIB|Win32
		{0B646397-7616-4654-AA10-0A3719B417AB}.LIB|x86.Build.0 = LIB|Win32
		{0B646397-7616-4654-AA10-0A3719B417AB}.Release|x64.ActiveCfg = Release|x64
		{0B646397-7616-4654-AA10-0A3719B417AB}.Release|x64.Build.0 = Release|x64
		{0B646397-7616-4654-AA10-0A3719B417AB}.Release|x86.ActiveCfg = Release|Win32
		{0B646397-7616-4654-AA10-0A3719B417AB}.Release|x86.Build.0 = Release|Win32
		{49D15295-6B8E-42D3-B015-9371D994A57A}.Debug|x64.ActiveCfg = Debug|x64
		{49D15295-6B8E-42D3-B015-9371D994A57A}.Debug|x64.Build.0 = Debug|x64
		{49D15295-6B8E-42D3-B015-9371D994A57A}.Debug|x86.ActiveCfg = Debug|Win32
		{49D15295-6B8E-42D3-B015-9371D994A57A}.DLL|x64.ActiveCfg = DLL|x64
		{49D15295-6B8E-42D3-B015-9371D994A57A}.DLL|x64.Build.0 = DLL|x64
		{49D15295-6B8E-42D3-B015-9371D994A57A}.DLL|x86.ActiveCfg = DLL|Win32
		{49D15295-6B8E-42D3-B015-9371D994A57A}.DLL|x86.Build.0 = DLL|Win32
		{49D15295-6B8E-42D3-B015-9371D994A57A}.LIB|x64.ActiveCfg = LIB|x64
		{49D15295-6B8E-42D3-B015-9371D994A57A}.LIB|x64.Build.0 = LIB|x64
		{49D15295-6B8E-42D3-B015-9371D994A57A}.LIB|x86.ActiveCfg = LIB|Win32
		{49D15295-6B8E-42D3-B015-9371D994A57A}.LIB|x86.Build.0 = LIB|Win32
		{49D15295-6B8E-42D3-B015-9371D994A57A}.Release|x64.ActiveCfg = Release|x64
		{49D15295-6B8E-42D3-B015-9371D994A57A}.Release|x64.Build.0 = Release|x64
		{49D15295-6B8E-42D3-B015-9371D994A57A}.Release|x86.ActiveCfg = Release|Win32
		{49D15295-6B8E-42D3-B015-9371D994A57A}.Release|x86.Build.0 = Release|Win32
		{07CE4E02-75AE-41C6-BC5B-1299BFCC15CE}.Debug|x64.ActiveCfg = Debug|x64
		{07CE4E02-75AE-41C6-BC5B-1299BFCC15CE}.Debug|x64.Build.0 = Debug|x64
		{07CE4E02-75AE-41C6-BC5B-1299BFCC15CE}.Debug|x86.ActiveCfg = Debug|Win32
		{07CE4E02-75AE-41C6-BC5B-1299BFCC15CE}.DLL|x64.ActiveCfg = DLL|x64
		{07CE4E02-75AE-41C6-BC5B-1299BFCC15CE}.DLL|x64.Build.0 = DLL|x64
		{07CE4E02-75AE-41C6-BC5B-1299BFCC15CE}.DLL|x86.ActiveCfg = DLL|Win32
		{07CE4E02-75AE-41C6-BC5B-1299BFCC15CE}.DLL|x86.Build.0 = DLL|Win32
		{07CE4E02-75AE-41C6-BC5B-1299BFCC15CE}.LIB|x64.ActiveCfg = LIB|x64
		{07CE4E02-75AE-41C6-BC5B-1299BFCC15CE}.LIB|x64.Build.0 = LIB|x64
		{07CE4E02-75AE-41C6-BC5B-1299BFCC15CE}.LIB|x86.ActiveCfg = LIB|Win32
		{07CE4E02-75AE-41C6-BC5B-1299BFCC15CE}.LIB|x86.Build.0 = LIB|Win32
		{07CE4E02-75AE-41C6-BC5B-1299BFCC15CE}.Release|x64.ActiveCfg = Release|x64
		{07CE4E02-75AE-41C6-BC5B-1299BFCC15CE}.Release|x64.Build.0 = Release|x64
		{07CE4E02-75AE-41C6-BC5B-1299BFCC15CE}.Release|x86.ActiveCfg = Release|Win32
		{07CE4E02-75AE-41C6-BC5B-1299BFCC15CE}.Release|x86.Build.0 = Release|Win32
		{6524A145-3DCB-499C-940F-7B6246E1D198}.Debug|x64.ActiveCfg = Debug|x64
		{6524A145-3DCB-499C-940F-7B6246E1D198}.Debug|x64.Build.0 = Debug|x64
		{6524A145-3DCB-499C-940F-7B6246E1D198}.Debug|x86.ActiveCfg = Release|Win32
		{6524A145-3DCB-499C-940F-7B6246E1D198}.Debug|x86.Build.0 = Release|Win32
		{6524A145-3DCB-499C-940F-7B6246E1D198}.DLL|x64.ActiveCfg = DLL|x64
		{6524A145-3DCB-499C-940F-7B6246E1D198}.DLL|x64.Build.0 = DLL|x64
		{6524A145-3DCB-499C-940F-7B6246E1D198}.DLL|x86.ActiveCfg = DLL|Win32
		{6524A145-3DCB-499C-940F-7B6246E1D198}.DLL|x86.Build.0 = DLL|Win32
		{6524A145-3DCB-499C-940F-7B6246E1D198}.LIB|x64.ActiveCfg = LIB|x64
		{6524A145-3DCB-499C-940F-7B6246E1D198}.LIB|x64.Build.0 = LIB|x64
		{6524A145-3DCB-499C-940F-7B6246E1D198}.LIB|x86.ActiveCfg = LIB|Win32
		{6524A145-3DCB-499C-940F-7B6246E1D198}.LIB|x86.Build.0 = LIB|Win32
		{6524A145-3DCB-499C-940F-7B6246E1D198}.Release|x64.ActiveCfg = Release|x64
		{6524A145-3DCB-499C-940F-7B6246E1D198}.Release|x64.Build.0 = Release|x64
		{6524A145-3DCB-499C-940F-7B6246E1D198}.Release|x86.ActiveCfg = Release|Win32
		{6524A145-3DCB-499C-940F-7B6246E1D198}.Release|x86.Build.0 = Release|Win32
		{CCC8C29A-1E4D-4BD4-BF0C-2117FB1E699E}.Debug|x64.ActiveCfg = Debug|x64
		{CCC8C29A-1E4D-4BD4-BF0C-2117FB1E699E}.Debug|x64.Build.0 = Debug|x64
		{CCC8C29A-1E4D-4BD4-BF0C-2117FB1E699E}.Debug|x86.ActiveCfg = Debug|Win32
		{CCC8C29A-1E4D-4BD4-BF0C-2117FB1E699E}.Debug|x86.Build.0 = Debug|Win32
		{CCC8C29A-1E4D-4BD4-BF0C-2117FB1E699E}.DLL|x64.ActiveCfg = Debug|x64
		{CCC8C29A-1E4D-4BD4-BF0C-2117FB1E699E}.DLL|x64.Build.0 = Debug|x64
		{CCC8C29A-1E4D-4BD4-BF0C-2117FB1E699E}.DLL|x86.ActiveCfg = Debug|Win32
		{CCC8C29A-1E4D-4BD4-BF0C-2117FB1E699E}.DLL|x86.Build.0 = Debug|Win32
		{CCC8C29A-1E4D-4BD4-BF0C-2117FB1E699E}.LIB|x64.ActiveCfg = Release|x64
		{CCC8C29A-1E4D-4BD4-BF0C-2117FB1E699E}.LIB|x64.Build.0 = Release|x64
		{CCC8C29A-1E4D-4BD4-BF0C-2117FB1E699E}.LIB|x86.ActiveCfg = Release|Win32
		{CCC8C29A-1E4D-4BD4-BF0C-2117FB1E699E}.LIB|x86.Build.0 = Release|Win32
		{CCC8C29A-1E4D-4BD4-BF0C-2117FB1E699E}.Release|x64.ActiveCfg = Release|x64
		{CCC8C29A-1E4D-4BD4-BF0C-2117FB1E699E}.Release|x64.Build.0 = Release|x64
		{CCC8C29A-1E4D-4BD4-BF0C-2117FB1E699E}.Release|x86.ActiveCfg = Release|Win32
		{CCC8C29A-1E4D-4BD4-BF0C-2117FB1E699E}.Release|x86.Build.0 = Release|Win32
	EndGlobalSection
	GlobalSection(SolutionProperties) = preSolution
		HideSolutionNode = FALSE
	EndGlobalSection
EndGlobal
